
Microsoft Visual Studio Solution File, Format Version 12.00
# Visual Studio Version 17
VisualStudioVersion = 17.0.31903.59
MinimumVisualStudioVersion = 10.0.40219.1
Project("{2150E333-8FDC-42A3-9474-1A3956D46DE8}") = "src", "src", "{827E0CD3-B72D-47B6-A68D-7590B98EB39B}"
EndProject
Project("{FAE04EC0-301F-11D3-BF4B-00C04F79EFBC}") = "GharKhoj.Api", "src\GharKhoj.Api\GharKhoj.Api.csproj", "{321A6B89-AE48-4A2B-A03B-EA00D7CE31B1}"
EndProject
Project("{FAE04EC0-301F-11D3-BF4B-00C04F79EFBC}") = "GharKhoj.Application", "src\GharKhoj.Application\GharKhoj.Application.csproj", "{E042652A-EC60-4627-9EB1-474531F26243}"
EndProject
Project("{FAE04EC0-301F-11D3-BF4B-00C04F79EFBC}") = "GharKhoj.Infrastructure", "src\GharKhoj.Infrastructure\GharKhoj.Infrastructure.csproj", "{CD9D439A-1E7E-4A4D-A2AE-5419589B5F9A}"
EndProject
Project("{FAE04EC0-301F-11D3-BF4B-00C04F79EFBC}") = "GharKhoj.Domain", "src\GharKhoj.Domain\GharKhoj.Domain.csproj", "{7CF2C5DC-5035-49BD-AF9C-DDB224A6FA1E}"
EndProject
Project("{2150E333-8FDC-42A3-9474-1A3956D46DE8}") = "Solution Items", "Solution Items", "{02EA681E-C7D8-13C7-8484-4AC65E1B71E8}"
	ProjectSection(SolutionItems) = preProject
		.editorconfig = .editorconfig
		Directory.Build.props = Directory.Build.props
		Directory.Packages.props = Directory.Packages.props
	EndProjectSection
EndProject
Global
	GlobalSection(SolutionConfigurationPlatforms) = preSolution
		Debug|Any CPU = Debug|Any CPU
		Debug|x64 = Debug|x64
		Debug|x86 = Debug|x86
		Release|Any CPU = Release|Any CPU
		Release|x64 = Release|x64
		Release|x86 = Release|x86
	EndGlobalSection
	GlobalSection(ProjectConfigurationPlatforms) = postSolution
		{321A6B89-AE48-4A2B-A03B-EA00D7CE31B1}.Debug|Any CPU.ActiveCfg = Debug|Any CPU
		{321A6B89-AE48-4A2B-A03B-EA00D7CE31B1}.Debug|Any CPU.Build.0 = Debug|Any CPU
		{321A6B89-AE48-4A2B-A03B-EA00D7CE31B1}.Debug|x64.ActiveCfg = Debug|Any CPU
		{321A6B89-AE48-4A2B-A03B-EA00D7CE31B1}.Debug|x64.Build.0 = Debug|Any CPU
		{321A6B89-AE48-4A2B-A03B-EA00D7CE31B1}.Debug|x86.ActiveCfg = Debug|Any CPU
		{321A6B89-AE48-4A2B-A03B-EA00D7CE31B1}.Debug|x86.Build.0 = Debug|Any CPU
		{321A6B89-AE48-4A2B-A03B-EA00D7CE31B1}.Release|Any CPU.ActiveCfg = Release|Any CPU
		{321A6B89-AE48-4A2B-A03B-EA00D7CE31B1}.Release|Any CPU.Build.0 = Release|Any CPU
		{321A6B89-AE48-4A2B-A03B-EA00D7CE31B1}.Release|x64.ActiveCfg = Release|Any CPU
		{321A6B89-AE48-4A2B-A03B-EA00D7CE31B1}.Release|x64.Build.0 = Release|Any CPU
		{321A6B89-AE48-4A2B-A03B-EA00D7CE31B1}.Release|x86.ActiveCfg = Release|Any CPU
		{321A6B89-AE48-4A2B-A03B-EA00D7CE31B1}.Release|x86.Build.0 = Release|Any CPU
		{E042652A-EC60-4627-9EB1-474531F26243}.Debug|Any CPU.ActiveCfg = Debug|Any CPU
		{E042652A-EC60-4627-9EB1-474531F26243}.Debug|Any CPU.Build.0 = Debug|Any CPU
		{E042652A-EC60-4627-9EB1-474531F26243}.Debug|x64.ActiveCfg = Debug|Any CPU
		{E042652A-EC60-4627-9EB1-474531F26243}.Debug|x64.Build.0 = Debug|Any CPU
		{E042652A-EC60-4627-9EB1-474531F26243}.Debug|x86.ActiveCfg = Debug|Any CPU
		{E042652A-EC60-4627-9EB1-474531F26243}.Debug|x86.Build.0 = Debug|Any CPU
		{E042652A-EC60-4627-9EB1-474531F26243}.Release|Any CPU.ActiveCfg = Release|Any CPU
		{E042652A-EC60-4627-9EB1-474531F26243}.Release|Any CPU.Build.0 = Release|Any CPU
		{E042652A-EC60-4627-9EB1-474531F26243}.Release|x64.ActiveCfg = Release|Any CPU
		{E042652A-EC60-4627-9EB1-474531F26243}.Release|x64.Build.0 = Release|Any CPU
		{E042652A-EC60-4627-9EB1-474531F26243}.Release|x86.ActiveCfg = Release|Any CPU
		{E042652A-EC60-4627-9EB1-474531F26243}.Release|x86.Build.0 = Release|Any CPU
		{CD9D439A-1E7E-4A4D-A2AE-5419589B5F9A}.Debug|Any CPU.ActiveCfg = Debug|Any CPU
		{CD9D439A-1E7E-4A4D-A2AE-5419589B5F9A}.Debug|Any CPU.Build.0 = Debug|Any CPU
		{CD9D439A-1E7E-4A4D-A2AE-5419589B5F9A}.Debug|x64.ActiveCfg = Debug|Any CPU
		{CD9D439A-1E7E-4A4D-A2AE-5419589B5F9A}.Debug|x64.Build.0 = Debug|Any CPU
		{CD9D439A-1E7E-4A4D-A2AE-5419589B5F9A}.Debug|x86.ActiveCfg = Debug|Any CPU
		{CD9D439A-1E7E-4A4D-A2AE-5419589B5F9A}.Debug|x86.Build.0 = Debug|Any CPU
		{CD9D439A-1E7E-4A4D-A2AE-5419589B5F9A}.Release|Any CPU.ActiveCfg = Release|Any CPU
		{CD9D439A-1E7E-4A4D-A2AE-5419589B5F9A}.Release|Any CPU.Build.0 = Release|Any CPU
		{CD9D439A-1E7E-4A4D-A2AE-5419589B5F9A}.Release|x64.ActiveCfg = Release|Any CPU
		{CD9D439A-1E7E-4A4D-A2AE-5419589B5F9A}.Release|x64.Build.0 = Release|Any CPU
		{CD9D439A-1E7E-4A4D-A2AE-5419589B5F9A}.Release|x86.ActiveCfg = Release|Any CPU
		{CD9D439A-1E7E-4A4D-A2AE-5419589B5F9A}.Release|x86.Build.0 = Release|Any CPU
		{7CF2C5DC-5035-49BD-AF9C-DDB224A6FA1E}.Debug|Any CPU.ActiveCfg = Debug|Any CPU
		{7CF2C5DC-5035-49BD-AF9C-DDB224A6FA1E}.Debug|Any CPU.Build.0 = Debug|Any CPU
		{7CF2C5DC-5035-49BD-AF9C-DDB224A6FA1E}.Debug|x64.ActiveCfg = Debug|Any CPU
		{7CF2C5DC-5035-49BD-AF9C-DDB224A6FA1E}.Debug|x64.Build.0 = Debug|Any CPU
		{7CF2C5DC-5035-49BD-AF9C-DDB224A6FA1E}.Debug|x86.ActiveCfg = Debug|Any CPU
		{7CF2C5DC-5035-49BD-AF9C-DDB224A6FA1E}.Debug|x86.Build.0 = Debug|Any CPU
		{7CF2C5DC-5035-49BD-AF9C-DDB224A6FA1E}.Release|Any CPU.ActiveCfg = Release|Any CPU
		{7CF2C5DC-5035-49BD-AF9C-DDB224A6FA1E}.Release|Any CPU.Build.0 = Release|Any CPU
		{7CF2C5DC-5035-49BD-AF9C-DDB224A6FA1E}.Release|x64.ActiveCfg = Release|Any CPU
		{7CF2C5DC-5035-49BD-AF9C-DDB224A6FA1E}.Release|x64.Build.0 = Release|Any CPU
		{7CF2C5DC-5035-49BD-AF9C-DDB224A6FA1E}.Release|x86.ActiveCfg = Release|Any CPU
		{7CF2C5DC-5035-49BD-AF9C-DDB224A6FA1E}.Release|x86.Build.0 = Release|Any CPU
	EndGlobalSection
	GlobalSection(SolutionProperties) = preSolution
		HideSolutionNode = FALSE
	EndGlobalSection
	GlobalSection(NestedProjects) = preSolution
		{321A6B89-AE48-4A2B-A03B-EA00D7CE31B1} = {827E0CD3-B72D-47B6-A68D-7590B98EB39B}
		{E042652A-EC60-4627-9EB1-474531F26243} = {827E0CD3-B72D-47B6-A68D-7590B98EB39B}
		{CD9D439A-1E7E-4A4D-A2AE-5419589B5F9A} = {827E0CD3-B72D-47B6-A68D-7590B98EB39B}
		{7CF2C5DC-5035-49BD-AF9C-DDB224A6FA1E} = {827E0CD3-B72D-47B6-A68D-7590B98EB39B}
	EndGlobalSection
	GlobalSection(ExtensibilityGlobals) = postSolution
		SolutionGuid = {288F8078-0D0F-40A0-853D-9EE58648328D}
	EndGlobalSection
EndGlobal
